
Microsoft Visual Studio Solution File, Format Version 12.00
# Visual Studio Version 16
VisualStudioVersion = 16.0.30128.74
MinimumVisualStudioVersion = 10.0.40219.1
Project("{8BC9CEB8-8B4A-11D0-8D11-00A0C91BC942}") = "Algorithms and data structures", "Algorithms and data structures\Algorithms and data structures.vcxproj", "{ECF6BF24-9B51-4781-9635-DD598879D3B4}"
EndProject
Global
	GlobalSection(SolutionConfigurationPlatforms) = preSolution
		Debug|x64 = Debug|x64
		Debug|x86 = Debug|x86
		Release|x64 = Release|x64
		Release|x86 = Release|x86
	EndGlobalSection
	GlobalSection(ProjectConfigurationPlatforms) = postSolution
		{ECF6BF24-9B51-4781-9635-DD598879D3B4}.Debug|x64.ActiveCfg = Debug|x64
		{ECF6BF24-9B51-4781-9635-DD598879D3B4}.Debug|x64.Build.0 = Debug|x64
		{ECF6BF24-9B51-4781-9635-DD598879D3B4}.Debug|x86.ActiveCfg = Debug|Win32
		{ECF6BF24-9B51-4781-9635-DD598879D3B4}.Debug|x86.Build.0 = Debug|Win32
		{ECF6BF24-9B51-4781-9635-DD598879D3B4}.Release|x64.ActiveCfg = Release|x64
		{ECF6BF24-9B51-4781-9635-DD598879D3B4}.Release|x64.Build.0 = Release|x64
		{ECF6BF24-9B51-4781-9635-DD598879D3B4}.Release|x86.ActiveCfg = Release|Win32
		{ECF6BF24-9B51-4781-9635-DD598879D3B4}.Release|x86.Build.0 = Release|Win32
	EndGlobalSection
	GlobalSection(SolutionProperties) = preSolution
		HideSolutionNode = FALSE
	EndGlobalSection
	GlobalSection(ExtensibilityGlobals) = postSolution
		SolutionGuid = {6EE5D34A-8383-4199-A0F2-675401DDCED8}
	EndGlobalSection
EndGlobal
